
Microsoft Visual Studio Solution File, Format Version 12.00
# Visual Studio Version 16
VisualStudioVersion = 16.0.31729.503
MinimumVisualStudioVersion = 10.0.40219.1
Project("{FAE04EC0-301F-11D3-BF4B-00C04F79EFBC}") = "lb2", "lb2.csproj", "{056A9AEB-883C-4559-9677-E7FCB712B25B}"
EndProject
Global
	GlobalSection(SolutionConfigurationPlatforms) = preSolution
		Debug|Any CPU = Debug|Any CPU
		Release|Any CPU = Release|Any CPU
	EndGlobalSection
	GlobalSection(ProjectConfigurationPlatforms) = postSolution
		{056A9AEB-883C-4559-9677-E7FCB712B25B}.Debug|Any CPU.ActiveCfg = Debug|Any CPU
		{056A9AEB-883C-4559-9677-E7FCB712B25B}.Debug|Any CPU.Build.0 = Debug|Any CPU
		{056A9AEB-883C-4559-9677-E7FCB712B25B}.Release|Any CPU.ActiveCfg = Release|Any CPU
		{056A9AEB-883C-4559-9677-E7FCB712B25B}.Release|Any CPU.Build.0 = Release|Any CPU
	EndGlobalSection
	GlobalSection(SolutionProperties) = preSolution
		HideSolutionNode = FALSE
	EndGlobalSection
	GlobalSection(ExtensibilityGlobals) = postSolution
		SolutionGuid = {842F1384-5496-4FA0-A50E-A201821F8A87}
	EndGlobalSection
EndGlobal
